
Microsoft Visual Studio Solution File, Format Version 12.00
# Visual Studio 15
VisualStudioVersion = 15.0.27428.2043
MinimumVisualStudioVersion = 10.0.40219.1
Project("{8BC9CEB8-8B4A-11D0-8D11-00A0C91BC942}") = "catch-test", "catch-test\catch-test.vcxproj", "{91B6C50C-E4CB-4FD5-88F0-05C18CE33C5E}"
EndProject
Global
	GlobalSection(SolutionConfigurationPlatforms) = preSolution
		Debug|x64 = Debug|x64
		Debug|x86 = Debug|x86
		Release|x64 = Release|x64
		Release|x86 = Release|x86
	EndGlobalSection
	GlobalSection(ProjectConfigurationPlatforms) = postSolution
		{91B6C50C-E4CB-4FD5-88F0-05C18CE33C5E}.Debug|x64.ActiveCfg = Debug|x64
		{91B6C50C-E4CB-4FD5-88F0-05C18CE33C5E}.Debug|x64.Build.0 = Debug|x64
		{91B6C50C-E4CB-4FD5-88F0-05C18CE33C5E}.Debug|x86.ActiveCfg = Debug|Win32
		{91B6C50C-E4CB-4FD5-88F0-05C18CE33C5E}.Debug|x86.Build.0 = Debug|Win32
		{91B6C50C-E4CB-4FD5-88F0-05C18CE33C5E}.Release|x64.ActiveCfg = Release|x64
		{91B6C50C-E4CB-4FD5-88F0-05C18CE33C5E}.Release|x64.Build.0 = Release|x64
		{91B6C50C-E4CB-4FD5-88F0-05C18CE33C5E}.Release|x86.ActiveCfg = Release|Win32
		{91B6C50C-E4CB-4FD5-88F0-05C18CE33C5E}.Release|x86.Build.0 = Release|Win32
	EndGlobalSection
	GlobalSection(SolutionProperties) = preSolution
		HideSolutionNode = FALSE
	EndGlobalSection
	GlobalSection(ExtensibilityGlobals) = postSolution
		SolutionGuid = {FA59C899-D4B9-461E-94D1-EAEA208210F8}
	EndGlobalSection
EndGlobal
